
Microsoft Visual Studio Solution File, Format Version 12.00
# Visual Studio Version 16
VisualStudioVersion = 16.0.30907.101
MinimumVisualStudioVersion = 10.0.40219.1
Project("{FAE04EC0-301F-11D3-BF4B-00C04F79EFBC}") = "Exercise 7-14-2021", "Exercise 7-14-2021\Exercise 7-14-2021.csproj", "{498888EC-5052-488F-94F4-BD5CABB10D39}"
EndProject
Global
	GlobalSection(SolutionConfigurationPlatforms) = preSolution
		Debug|Any CPU = Debug|Any CPU
		Release|Any CPU = Release|Any CPU
	EndGlobalSection
	GlobalSection(ProjectConfigurationPlatforms) = postSolution
		{498888EC-5052-488F-94F4-BD5CABB10D39}.Debug|Any CPU.ActiveCfg = Debug|Any CPU
		{498888EC-5052-488F-94F4-BD5CABB10D39}.Debug|Any CPU.Build.0 = Debug|Any CPU
		{498888EC-5052-488F-94F4-BD5CABB10D39}.Release|Any CPU.ActiveCfg = Release|Any CPU
		{498888EC-5052-488F-94F4-BD5CABB10D39}.Release|Any CPU.Build.0 = Release|Any CPU
	EndGlobalSection
	GlobalSection(SolutionProperties) = preSolution
		HideSolutionNode = FALSE
	EndGlobalSection
	GlobalSection(ExtensibilityGlobals) = postSolution
		SolutionGuid = {B00DE094-4BC4-4484-BAE7-39D70C1EF3C2}
	EndGlobalSection
EndGlobal
